
Microsoft Visual Studio Solution File, Format Version 12.00
# Visual Studio Version 17
VisualStudioVersion = 17.1.32319.34
MinimumVisualStudioVersion = 10.0.40219.1
Project("{9A19103F-16F7-4668-BE54-9A1E7A4F7556}") = "eStreamlyPostgres", "eStreamlyPostgres\eStreamlyPostgres.csproj", "{A9F05BF0-289B-40ED-AA48-AFCB70CD3288}"
EndProject
Global
	GlobalSection(SolutionConfigurationPlatforms) = preSolution
		Debug|Any CPU = Debug|Any CPU
		Release|Any CPU = Release|Any CPU
	EndGlobalSection
	GlobalSection(ProjectConfigurationPlatforms) = postSolution
		{A9F05BF0-289B-40ED-AA48-AFCB70CD3288}.Debug|Any CPU.ActiveCfg = Debug|Any CPU
		{A9F05BF0-289B-40ED-AA48-AFCB70CD3288}.Debug|Any CPU.Build.0 = Debug|Any CPU
		{A9F05BF0-289B-40ED-AA48-AFCB70CD3288}.Release|Any CPU.ActiveCfg = Release|Any CPU
		{A9F05BF0-289B-40ED-AA48-AFCB70CD3288}.Release|Any CPU.Build.0 = Release|Any CPU
	EndGlobalSection
	GlobalSection(SolutionProperties) = preSolution
		HideSolutionNode = FALSE
	EndGlobalSection
	GlobalSection(ExtensibilityGlobals) = postSolution
		SolutionGuid = {A451781E-BF22-47F3-A245-50AF6723FA22}
	EndGlobalSection
EndGlobal
