
Microsoft Visual Studio Solution File, Format Version 12.00
# Visual Studio Version 16
VisualStudioVersion = 16.0.31911.196
MinimumVisualStudioVersion = 10.0.40219.1
Project("{9A19103F-16F7-4668-BE54-9A1E7A4F7556}") = "eStreamlyPostgres", "eStreamlyPostgres\eStreamlyPostgres.csproj", "{A9F05BF0-289B-40ED-AA48-AFCB70CD3288}"
EndProject
Project("{00D1A9C2-B5F0-4AF3-8072-F6C62B433612}") = "DbeStreamly", "DbeStreamly\DbeStreamly.sqlproj", "{40DFAFE5-3BD3-4E56-B4CE-B7ED168AF2D0}"
EndProject
Global
	GlobalSection(SolutionConfigurationPlatforms) = preSolution
		Debug|Any CPU = Debug|Any CPU
		Release|Any CPU = Release|Any CPU
	EndGlobalSection
	GlobalSection(ProjectConfigurationPlatforms) = postSolution
		{A9F05BF0-289B-40ED-AA48-AFCB70CD3288}.Debug|Any CPU.ActiveCfg = Debug|Any CPU
		{A9F05BF0-289B-40ED-AA48-AFCB70CD3288}.Debug|Any CPU.Build.0 = Debug|Any CPU
		{A9F05BF0-289B-40ED-AA48-AFCB70CD3288}.Release|Any CPU.ActiveCfg = Release|Any CPU
		{A9F05BF0-289B-40ED-AA48-AFCB70CD3288}.Release|Any CPU.Build.0 = Release|Any CPU
		{40DFAFE5-3BD3-4E56-B4CE-B7ED168AF2D0}.Debug|Any CPU.ActiveCfg = Debug|Any CPU
		{40DFAFE5-3BD3-4E56-B4CE-B7ED168AF2D0}.Debug|Any CPU.Build.0 = Debug|Any CPU
		{40DFAFE5-3BD3-4E56-B4CE-B7ED168AF2D0}.Debug|Any CPU.Deploy.0 = Debug|Any CPU
		{40DFAFE5-3BD3-4E56-B4CE-B7ED168AF2D0}.Release|Any CPU.ActiveCfg = Release|Any CPU
		{40DFAFE5-3BD3-4E56-B4CE-B7ED168AF2D0}.Release|Any CPU.Build.0 = Release|Any CPU
		{40DFAFE5-3BD3-4E56-B4CE-B7ED168AF2D0}.Release|Any CPU.Deploy.0 = Release|Any CPU
	EndGlobalSection
	GlobalSection(SolutionProperties) = preSolution
		HideSolutionNode = FALSE
	EndGlobalSection
	GlobalSection(ExtensibilityGlobals) = postSolution
		SolutionGuid = {A451781E-BF22-47F3-A245-50AF6723FA22}
	EndGlobalSection
EndGlobal
